
Microsoft Visual Studio Solution File, Format Version 12.00
# Visual Studio 15
VisualStudioVersion = 15.0.27428.2015
MinimumVisualStudioVersion = 10.0.40219.1
Project("{FAE04EC0-301F-11D3-BF4B-00C04F79EFBC}") = "QBBConfig", "QBBConfig\QBBConfig.csproj", "{405CB066-F7D7-4172-A122-7E5C7C518B4D}"
EndProject
Global
	GlobalSection(SolutionConfigurationPlatforms) = preSolution
		Debug|Any CPU = Debug|Any CPU
		Release|Any CPU = Release|Any CPU
	EndGlobalSection
	GlobalSection(ProjectConfigurationPlatforms) = postSolution
		{405CB066-F7D7-4172-A122-7E5C7C518B4D}.Debug|Any CPU.ActiveCfg = Debug|Any CPU
		{405CB066-F7D7-4172-A122-7E5C7C518B4D}.Debug|Any CPU.Build.0 = Debug|Any CPU
		{405CB066-F7D7-4172-A122-7E5C7C518B4D}.Release|Any CPU.ActiveCfg = Release|Any CPU
		{405CB066-F7D7-4172-A122-7E5C7C518B4D}.Release|Any CPU.Build.0 = Release|Any CPU
	EndGlobalSection
	GlobalSection(SolutionProperties) = preSolution
		HideSolutionNode = FALSE
	EndGlobalSection
	GlobalSection(ExtensibilityGlobals) = postSolution
		SolutionGuid = {51CA3B6E-5201-4AC8-8302-56CE6D9056D8}
	EndGlobalSection
EndGlobal
